// !$*UTF8*$!
{
	archiveVersion = 1;
	classes = {
	};
	objectVersion = 56;
	objects = {

/* Begin PBXBuildFile section */
		190764562976004000B7462F /* AppDelegate.swift in Sources */ = {isa = PBXBuildFile; fileRef = 190764552976004000B7462F /* AppDelegate.swift */; };
		190764582976004000B7462F /* GameScene.sks in Resources */ = {isa = PBXBuildFile; fileRef = 190764572976004000B7462F /* GameScene.sks */; };
		1907645A2976004000B7462F /* Actions.sks in Resources */ = {isa = PBXBuildFile; fileRef = 190764592976004000B7462F /* Actions.sks */; };
		1907645C2976004000B7462F /* GameScene.swift in Sources */ = {isa = PBXBuildFile; fileRef = 1907645B2976004000B7462F /* GameScene.swift */; };
		1907645E2976004000B7462F /* GameViewController.swift in Sources */ = {isa = PBXBuildFile; fileRef = 1907645D2976004000B7462F /* GameViewController.swift */; };
		190764612976004000B7462F /* Main.storyboard in Resources */ = {isa = PBXBuildFile; fileRef = 1907645F2976004000B7462F /* Main.storyboard */; };
		190764632976004100B7462F /* Assets.xcassets in Resources */ = {isa = PBXBuildFile; fileRef = 190764622976004100B7462F /* Assets.xcassets */; };
		190764662976004100B7462F /* LaunchScreen.storyboard in Resources */ = {isa = PBXBuildFile; fileRef = 190764642976004100B7462F /* LaunchScreen.storyboard */; };
		1907647A29760E1E00B7462F /* jupiter.png in Resources */ = {isa = PBXBuildFile; fileRef = 1907647029760E1E00B7462F /* jupiter.png */; };
		1907647D29760E1E00B7462F /* mars.png in Resources */ = {isa = PBXBuildFile; fileRef = 1907647329760E1E00B7462F /* mars.png */; };
		1907647E29760E1E00B7462F /* mercury.png in Resources */ = {isa = PBXBuildFile; fileRef = 1907647429760E1E00B7462F /* mercury.png */; };
		1907647F29760E1E00B7462F /* venus.png in Resources */ = {isa = PBXBuildFile; fileRef = 1907647529760E1E00B7462F /* venus.png */; };
		1907648229760E1E00B7462F /* saturn.png in Resources */ = {isa = PBXBuildFile; fileRef = 1907647829760E1E00B7462F /* saturn.png */; };
		19E44D07297722C2007D7537 /* button_spin.png in Resources */ = {isa = PBXBuildFile; fileRef = 19E44D06297722C2007D7537 /* button_spin.png */; };
		19E44D09297723BE007D7537 /* button_reset.png in Resources */ = {isa = PBXBuildFile; fileRef = 19E44D08297723BE007D7537 /* button_reset.png */; };
		19E44D0B29772450007D7537 /* button_quit.png in Resources */ = {isa = PBXBuildFile; fileRef = 19E44D0A29772450007D7537 /* button_quit.png */; };
		19E44D0D297725D4007D7537 /* app_logo.png in Resources */ = {isa = PBXBuildFile; fileRef = 19E44D0C297725D4007D7537 /* app_logo.png */; };
		19E44D0F297728F9007D7537 /* spin_to_win.png in Resources */ = {isa = PBXBuildFile; fileRef = 19E44D0E297728F9007D7537 /* spin_to_win.png */; };
		19E44D11297729E2007D7537 /* button_spin_grey.png in Resources */ = {isa = PBXBuildFile; fileRef = 19E44D10297729E2007D7537 /* button_spin_grey.png */; };
		19E44D1629772E06007D7537 /* button_20.png in Resources */ = {isa = PBXBuildFile; fileRef = 19E44D1229772E06007D7537 /* button_20.png */; };
		19E44D1729772E06007D7537 /* button_100.png in Resources */ = {isa = PBXBuildFile; fileRef = 19E44D1329772E06007D7537 /* button_100.png */; };
		19E44D1829772E06007D7537 /* button_50.png in Resources */ = {isa = PBXBuildFile; fileRef = 19E44D1429772E06007D7537 /* button_50.png */; };
		19E44D1929772E06007D7537 /* button_10.png in Resources */ = {isa = PBXBuildFile; fileRef = 19E44D1529772E06007D7537 /* button_10.png */; };
		19E44D1C29774836007D7537 /* spaceship.png in Resources */ = {isa = PBXBuildFile; fileRef = 19E44D1A29774836007D7537 /* spaceship.png */; };
		19E44D1D29774836007D7537 /* earth.png in Resources */ = {isa = PBXBuildFile; fileRef = 19E44D1B29774836007D7537 /* earth.png */; };
/* End PBXBuildFile section */

/* Begin PBXFileReference section */
		190764522976004000B7462F /* MAPD-724-SlotMachine.app */ = {isa = PBXFileReference; explicitFileType = wrapper.application; includeInIndex = 0; path = "MAPD-724-SlotMachine.app"; sourceTree = BUILT_PRODUCTS_DIR; };
		190764552976004000B7462F /* AppDelegate.swift */ = {isa = PBXFileReference; lastKnownFileType = sourcecode.swift; path = AppDelegate.swift; sourceTree = "<group>"; };
		190764572976004000B7462F /* GameScene.sks */ = {isa = PBXFileReference; lastKnownFileType = file.sks; path = GameScene.sks; sourceTree = "<group>"; };
		190764592976004000B7462F /* Actions.sks */ = {isa = PBXFileReference; lastKnownFileType = file.sks; path = Actions.sks; sourceTree = "<group>"; };
		1907645B2976004000B7462F /* GameScene.swift */ = {isa = PBXFileReference; lastKnownFileType = sourcecode.swift; path = GameScene.swift; sourceTree = "<group>"; };
		1907645D2976004000B7462F /* GameViewController.swift */ = {isa = PBXFileReference; lastKnownFileType = sourcecode.swift; path = GameViewController.swift; sourceTree = "<group>"; };
		190764602976004000B7462F /* Base */ = {isa = PBXFileReference; lastKnownFileType = file.storyboard; name = Base; path = Base.lproj/Main.storyboard; sourceTree = "<group>"; };
		190764622976004100B7462F /* Assets.xcassets */ = {isa = PBXFileReference; lastKnownFileType = folder.assetcatalog; path = Assets.xcassets; sourceTree = "<group>"; };
		190764652976004100B7462F /* Base */ = {isa = PBXFileReference; lastKnownFileType = file.storyboard; name = Base; path = Base.lproj/LaunchScreen.storyboard; sourceTree = "<group>"; };
		1907647029760E1E00B7462F /* jupiter.png */ = {isa = PBXFileReference; lastKnownFileType = image.png; path = jupiter.png; sourceTree = "<group>"; };
		1907647329760E1E00B7462F /* mars.png */ = {isa = PBXFileReference; lastKnownFileType = image.png; path = mars.png; sourceTree = "<group>"; };
		1907647429760E1E00B7462F /* mercury.png */ = {isa = PBXFileReference; lastKnownFileType = image.png; path = mercury.png; sourceTree = "<group>"; };
		1907647529760E1E00B7462F /* venus.png */ = {isa = PBXFileReference; lastKnownFileType = image.png; path = venus.png; sourceTree = "<group>"; };
		1907647829760E1E00B7462F /* saturn.png */ = {isa = PBXFileReference; lastKnownFileType = image.png; path = saturn.png; sourceTree = "<group>"; };
		19E44D06297722C2007D7537 /* button_spin.png */ = {isa = PBXFileReference; lastKnownFileType = image.png; path = button_spin.png; sourceTree = "<group>"; };
		19E44D08297723BE007D7537 /* button_reset.png */ = {isa = PBXFileReference; lastKnownFileType = image.png; path = button_reset.png; sourceTree = "<group>"; };
		19E44D0A29772450007D7537 /* button_quit.png */ = {isa = PBXFileReference; lastKnownFileType = image.png; path = button_quit.png; sourceTree = "<group>"; };
		19E44D0C297725D4007D7537 /* app_logo.png */ = {isa = PBXFileReference; lastKnownFileType = image.png; path = app_logo.png; sourceTree = "<group>"; };
		19E44D0E297728F9007D7537 /* spin_to_win.png */ = {isa = PBXFileReference; lastKnownFileType = image.png; path = spin_to_win.png; sourceTree = "<group>"; };
		19E44D10297729E2007D7537 /* button_spin_grey.png */ = {isa = PBXFileReference; lastKnownFileType = image.png; path = button_spin_grey.png; sourceTree = "<group>"; };
		19E44D1229772E06007D7537 /* button_20.png */ = {isa = PBXFileReference; lastKnownFileType = image.png; path = button_20.png; sourceTree = "<group>"; };
		19E44D1329772E06007D7537 /* button_100.png */ = {isa = PBXFileReference; lastKnownFileType = image.png; path = button_100.png; sourceTree = "<group>"; };
		19E44D1429772E06007D7537 /* button_50.png */ = {isa = PBXFileReference; lastKnownFileType = image.png; path = button_50.png; sourceTree = "<group>"; };
		19E44D1529772E06007D7537 /* button_10.png */ = {isa = PBXFileReference; lastKnownFileType = image.png; path = button_10.png; sourceTree = "<group>"; };
		19E44D1A29774836007D7537 /* spaceship.png */ = {isa = PBXFileReference; lastKnownFileType = image.png; path = spaceship.png; sourceTree = "<group>"; };
		19E44D1B29774836007D7537 /* earth.png */ = {isa = PBXFileReference; lastKnownFileType = image.png; path = earth.png; sourceTree = "<group>"; };
/* End PBXFileReference section */

/* Begin PBXFrameworksBuildPhase section */
		1907644F2976004000B7462F /* Frameworks */ = {
			isa = PBXFrameworksBuildPhase;
			buildActionMask = 2147483647;
			files = (
			);
			runOnlyForDeploymentPostprocessing = 0;
		};
/* End PBXFrameworksBuildPhase section */

/* Begin PBXGroup section */
		190764492976004000B7462F = {
			isa = PBXGroup;
			children = (
				190764542976004000B7462F /* MAPD-724-SlotMachine */,
				190764532976004000B7462F /* Products */,
			);
			sourceTree = "<group>";
		};
		190764532976004000B7462F /* Products */ = {
			isa = PBXGroup;
			children = (
				190764522976004000B7462F /* MAPD-724-SlotMachine.app */,
			);
			name = Products;
			sourceTree = "<group>";
		};
		190764542976004000B7462F /* MAPD-724-SlotMachine */ = {
			isa = PBXGroup;
			children = (
				1907646C29760BAF00B7462F /* images */,
				190764552976004000B7462F /* AppDelegate.swift */,
				190764572976004000B7462F /* GameScene.sks */,
				190764592976004000B7462F /* Actions.sks */,
				1907645B2976004000B7462F /* GameScene.swift */,
				1907645D2976004000B7462F /* GameViewController.swift */,
				1907645F2976004000B7462F /* Main.storyboard */,
				190764622976004100B7462F /* Assets.xcassets */,
				190764642976004100B7462F /* LaunchScreen.storyboard */,
			);
			path = "MAPD-724-SlotMachine";
			sourceTree = "<group>";
		};
		1907646C29760BAF00B7462F /* images */ = {
			isa = PBXGroup;
			children = (
				19E44D0C297725D4007D7537 /* app_logo.png */,
				19E44D1529772E06007D7537 /* button_10.png */,
				19E44D1229772E06007D7537 /* button_20.png */,
				19E44D1429772E06007D7537 /* button_50.png */,
				19E44D1329772E06007D7537 /* button_100.png */,
				19E44D0A29772450007D7537 /* button_quit.png */,
				19E44D08297723BE007D7537 /* button_reset.png */,
				19E44D10297729E2007D7537 /* button_spin_grey.png */,
				19E44D06297722C2007D7537 /* button_spin.png */,
				19E44D1B29774836007D7537 /* earth.png */,
				19E44D1A29774836007D7537 /* spaceship.png */,
				1907647029760E1E00B7462F /* jupiter.png */,
				1907647329760E1E00B7462F /* mars.png */,
				1907647429760E1E00B7462F /* mercury.png */,
				1907647829760E1E00B7462F /* saturn.png */,
				19E44D0E297728F9007D7537 /* spin_to_win.png */,
				1907647529760E1E00B7462F /* venus.png */,
			);
			path = images;
			sourceTree = "<group>";
		};
/* End PBXGroup section */

/* Begin PBXNativeTarget section */
		190764512976004000B7462F /* MAPD-724-SlotMachine */ = {
			isa = PBXNativeTarget;
			buildConfigurationList = 190764692976004100B7462F /* Build configuration list for PBXNativeTarget "MAPD-724-SlotMachine" */;
			buildPhases = (
				1907644E2976004000B7462F /* Sources */,
				1907644F2976004000B7462F /* Frameworks */,
				190764502976004000B7462F /* Resources */,
			);
			buildRules = (
			);
			dependencies = (
			);
			name = "MAPD-724-SlotMachine";
			productName = "MAPD-724-SlotMachine";
			productReference = 190764522976004000B7462F /* MAPD-724-SlotMachine.app */;
			productType = "com.apple.product-type.application";
		};
/* End PBXNativeTarget section */

/* Begin PBXProject section */
		1907644A2976004000B7462F /* Project object */ = {
			isa = PBXProject;
			attributes = {
				BuildIndependentTargetsInParallel = 1;
				LastSwiftUpdateCheck = 1420;
				LastUpgradeCheck = 1420;
				TargetAttributes = {
					190764512976004000B7462F = {
						CreatedOnToolsVersion = 14.2;
					};
				};
			};
			buildConfigurationList = 1907644D2976004000B7462F /* Build configuration list for PBXProject "MAPD-724-SlotMachine" */;
			compatibilityVersion = "Xcode 14.0";
			developmentRegion = en;
			hasScannedForEncodings = 0;
			knownRegions = (
				en,
				Base,
			);
			mainGroup = 190764492976004000B7462F;
			productRefGroup = 190764532976004000B7462F /* Products */;
			projectDirPath = "";
			projectRoot = "";
			targets = (
				190764512976004000B7462F /* MAPD-724-SlotMachine */,
			);
		};
/* End PBXProject section */

/* Begin PBXResourcesBuildPhase section */
		190764502976004000B7462F /* Resources */ = {
			isa = PBXResourcesBuildPhase;
			buildActionMask = 2147483647;
			files = (
				190764612976004000B7462F /* Main.storyboard in Resources */,
				1907647A29760E1E00B7462F /* jupiter.png in Resources */,
				19E44D1929772E06007D7537 /* button_10.png in Resources */,
				190764582976004000B7462F /* GameScene.sks in Resources */,
				1907647F29760E1E00B7462F /* venus.png in Resources */,
				19E44D07297722C2007D7537 /* button_spin.png in Resources */,
				19E44D1D29774836007D7537 /* earth.png in Resources */,
				19E44D0B29772450007D7537 /* button_quit.png in Resources */,
				19E44D0F297728F9007D7537 /* spin_to_win.png in Resources */,
				19E44D1729772E06007D7537 /* button_100.png in Resources */,
				19E44D09297723BE007D7537 /* button_reset.png in Resources */,
				19E44D1C29774836007D7537 /* spaceship.png in Resources */,
				1907648229760E1E00B7462F /* saturn.png in Resources */,
				19E44D0D297725D4007D7537 /* app_logo.png in Resources */,
				19E44D1829772E06007D7537 /* button_50.png in Resources */,
				190764632976004100B7462F /* Assets.xcassets in Resources */,
				1907647E29760E1E00B7462F /* mercury.png in Resources */,
				19E44D11297729E2007D7537 /* button_spin_grey.png in Resources */,
				190764662976004100B7462F /* LaunchScreen.storyboard in Resources */,
				1907645A2976004000B7462F /* Actions.sks in Resources */,
				19E44D1629772E06007D7537 /* button_20.png in Resources */,
				1907647D29760E1E00B7462F /* mars.png in Resources */,
			);
			runOnlyForDeploymentPostprocessing = 0;
		};
/* End PBXResourcesBuildPhase section */

/* Begin PBXSourcesBuildPhase section */
		1907644E2976004000B7462F /* Sources */ = {
			isa = PBXSourcesBuildPhase;
			buildActionMask = 2147483647;
			files = (
				1907645C2976004000B7462F /* GameScene.swift in Sources */,
				1907645E2976004000B7462F /* GameViewController.swift in Sources */,
				190764562976004000B7462F /* AppDelegate.swift in Sources */,
			);
			runOnlyForDeploymentPostprocessing = 0;
		};
/* End PBXSourcesBuildPhase section */

/* Begin PBXVariantGroup section */
		1907645F2976004000B7462F /* Main.storyboard */ = {
			isa = PBXVariantGroup;
			children = (
				190764602976004000B7462F /* Base */,
			);
			name = Main.storyboard;
			sourceTree = "<group>";
		};
		190764642976004100B7462F /* LaunchScreen.storyboard */ = {
			isa = PBXVariantGroup;
			children = (
				190764652976004100B7462F /* Base */,
			);
			name = LaunchScreen.storyboard;
			sourceTree = "<group>";
		};
/* End PBXVariantGroup section */

/* Begin XCBuildConfiguration section */
		190764672976004100B7462F /* Debug */ = {
			isa = XCBuildConfiguration;
			buildSettings = {
				ALWAYS_SEARCH_USER_PATHS = NO;
				CLANG_ANALYZER_NONNULL = YES;
				CLANG_ANALYZER_NUMBER_OBJECT_CONVERSION = YES_AGGRESSIVE;
				CLANG_CXX_LANGUAGE_STANDARD = "gnu++20";
				CLANG_ENABLE_MODULES = YES;
				CLANG_ENABLE_OBJC_ARC = YES;
				CLANG_ENABLE_OBJC_WEAK = YES;
				CLANG_WARN_BLOCK_CAPTURE_AUTORELEASING = YES;
				CLANG_WARN_BOOL_CONVERSION = YES;
				CLANG_WARN_COMMA = YES;
				CLANG_WARN_CONSTANT_CONVERSION = YES;
				CLANG_WARN_DEPRECATED_OBJC_IMPLEMENTATIONS = YES;
				CLANG_WARN_DIRECT_OBJC_ISA_USAGE = YES_ERROR;
				CLANG_WARN_DOCUMENTATION_COMMENTS = YES;
				CLANG_WARN_EMPTY_BODY = YES;
				CLANG_WARN_ENUM_CONVERSION = YES;
				CLANG_WARN_INFINITE_RECURSION = YES;
				CLANG_WARN_INT_CONVERSION = YES;
				CLANG_WARN_NON_LITERAL_NULL_CONVERSION = YES;
				CLANG_WARN_OBJC_IMPLICIT_RETAIN_SELF = YES;
				CLANG_WARN_OBJC_LITERAL_CONVERSION = YES;
				CLANG_WARN_OBJC_ROOT_CLASS = YES_ERROR;
				CLANG_WARN_QUOTED_INCLUDE_IN_FRAMEWORK_HEADER = YES;
				CLANG_WARN_RANGE_LOOP_ANALYSIS = YES;
				CLANG_WARN_STRICT_PROTOTYPES = YES;
				CLANG_WARN_SUSPICIOUS_MOVE = YES;
				CLANG_WARN_UNGUARDED_AVAILABILITY = YES_AGGRESSIVE;
				CLANG_WARN_UNREACHABLE_CODE = YES;
				CLANG_WARN__DUPLICATE_METHOD_MATCH = YES;
				COPY_PHASE_STRIP = NO;
				DEBUG_INFORMATION_FORMAT = dwarf;
				ENABLE_STRICT_OBJC_MSGSEND = YES;
				ENABLE_TESTABILITY = YES;
				GCC_C_LANGUAGE_STANDARD = gnu11;
				GCC_DYNAMIC_NO_PIC = NO;
				GCC_NO_COMMON_BLOCKS = YES;
				GCC_OPTIMIZATION_LEVEL = 0;
				GCC_PREPROCESSOR_DEFINITIONS = (
					"DEBUG=1",
					"$(inherited)",
				);
				GCC_WARN_64_TO_32_BIT_CONVERSION = YES;
				GCC_WARN_ABOUT_RETURN_TYPE = YES_ERROR;
				GCC_WARN_UNDECLARED_SELECTOR = YES;
				GCC_WARN_UNINITIALIZED_AUTOS = YES_AGGRESSIVE;
				GCC_WARN_UNUSED_FUNCTION = YES;
				GCC_WARN_UNUSED_VARIABLE = YES;
				IPHONEOS_DEPLOYMENT_TARGET = 16.2;
				MTL_ENABLE_DEBUG_INFO = INCLUDE_SOURCE;
				MTL_FAST_MATH = YES;
				ONLY_ACTIVE_ARCH = YES;
				SDKROOT = iphoneos;
				SWIFT_ACTIVE_COMPILATION_CONDITIONS = DEBUG;
				SWIFT_OPTIMIZATION_LEVEL = "-Onone";
			};
			name = Debug;
		};
		190764682976004100B7462F /* Release */ = {
			isa = XCBuildConfiguration;
			buildSettings = {
				ALWAYS_SEARCH_USER_PATHS = NO;
				CLANG_ANALYZER_NONNULL = YES;
				CLANG_ANALYZER_NUMBER_OBJECT_CONVERSION = YES_AGGRESSIVE;
				CLANG_CXX_LANGUAGE_STANDARD = "gnu++20";
				CLANG_ENABLE_MODULES = YES;
				CLANG_ENABLE_OBJC_ARC = YES;
				CLANG_ENABLE_OBJC_WEAK = YES;
				CLANG_WARN_BLOCK_CAPTURE_AUTORELEASING = YES;
				CLANG_WARN_BOOL_CONVERSION = YES;
				CLANG_WARN_COMMA = YES;
				CLANG_WARN_CONSTANT_CONVERSION = YES;
				CLANG_WARN_DEPRECATED_OBJC_IMPLEMENTATIONS = YES;
				CLANG_WARN_DIRECT_OBJC_ISA_USAGE = YES_ERROR;
				CLANG_WARN_DOCUMENTATION_COMMENTS = YES;
				CLANG_WARN_EMPTY_BODY = YES;
				CLANG_WARN_ENUM_CONVERSION = YES;
				CLANG_WARN_INFINITE_RECURSION = YES;
				CLANG_WARN_INT_CONVERSION = YES;
				CLANG_WARN_NON_LITERAL_NULL_CONVERSION = YES;
				CLANG_WARN_OBJC_IMPLICIT_RETAIN_SELF = YES;
				CLANG_WARN_OBJC_LITERAL_CONVERSION = YES;
				CLANG_WARN_OBJC_ROOT_CLASS = YES_ERROR;
				CLANG_WARN_QUOTED_INCLUDE_IN_FRAMEWORK_HEADER = YES;
				CLANG_WARN_RANGE_LOOP_ANALYSIS = YES;
				CLANG_WARN_STRICT_PROTOTYPES = YES;
				CLANG_WARN_SUSPICIOUS_MOVE = YES;
				CLANG_WARN_UNGUARDED_AVAILABILITY = YES_AGGRESSIVE;
				CLANG_WARN_UNREACHABLE_CODE = YES;
				CLANG_WARN__DUPLICATE_METHOD_MATCH = YES;
				COPY_PHASE_STRIP = NO;
				DEBUG_INFORMATION_FORMAT = "dwarf-with-dsym";
				ENABLE_NS_ASSERTIONS = NO;
				ENABLE_STRICT_OBJC_MSGSEND = YES;
				GCC_C_LANGUAGE_STANDARD = gnu11;
				GCC_NO_COMMON_BLOCKS = YES;
				GCC_WARN_64_TO_32_BIT_CONVERSION = YES;
				GCC_WARN_ABOUT_RETURN_TYPE = YES_ERROR;
				GCC_WARN_UNDECLARED_SELECTOR = YES;
				GCC_WARN_UNINITIALIZED_AUTOS = YES_AGGRESSIVE;
				GCC_WARN_UNUSED_FUNCTION = YES;
				GCC_WARN_UNUSED_VARIABLE = YES;
				IPHONEOS_DEPLOYMENT_TARGET = 16.2;
				MTL_ENABLE_DEBUG_INFO = NO;
				MTL_FAST_MATH = YES;
				SDKROOT = iphoneos;
				SWIFT_COMPILATION_MODE = wholemodule;
				SWIFT_OPTIMIZATION_LEVEL = "-O";
				VALIDATE_PRODUCT = YES;
			};
			name = Release;
		};
		1907646A2976004100B7462F /* Debug */ = {
			isa = XCBuildConfiguration;
			buildSettings = {
				ASSETCATALOG_COMPILER_APPICON_NAME = AppIcon;
				ASSETCATALOG_COMPILER_GLOBAL_ACCENT_COLOR_NAME = AccentColor;
				CODE_SIGN_STYLE = Automatic;
				CURRENT_PROJECT_VERSION = 1;
				GENERATE_INFOPLIST_FILE = YES;
				INFOPLIST_KEY_UIApplicationSupportsIndirectInputEvents = YES;
				INFOPLIST_KEY_UILaunchStoryboardName = LaunchScreen;
				INFOPLIST_KEY_UIMainStoryboardFile = Main;
				INFOPLIST_KEY_UIStatusBarHidden = YES;
				INFOPLIST_KEY_UISupportedInterfaceOrientations_iPad = "UIInterfaceOrientationPortrait UIInterfaceOrientationPortraitUpsideDown UIInterfaceOrientationLandscapeLeft UIInterfaceOrientationLandscapeRight";
				INFOPLIST_KEY_UISupportedInterfaceOrientations_iPhone = "UIInterfaceOrientationPortrait UIInterfaceOrientationLandscapeLeft UIInterfaceOrientationLandscapeRight";
				LD_RUNPATH_SEARCH_PATHS = (
					"$(inherited)",
					"@executable_path/Frameworks",
				);
				MARKETING_VERSION = 1.0;
				PRODUCT_BUNDLE_IDENTIFIER = "ca.centennialcollege.MAPD-724-SlotMachine";
				PRODUCT_NAME = "$(TARGET_NAME)";
				SWIFT_EMIT_LOC_STRINGS = YES;
				SWIFT_VERSION = 5.0;
				TARGETED_DEVICE_FAMILY = "1,2";
			};
			name = Debug;
		};
		1907646B2976004100B7462F /* Release */ = {
			isa = XCBuildConfiguration;
			buildSettings = {
				ASSETCATALOG_COMPILER_APPICON_NAME = AppIcon;
				ASSETCATALOG_COMPILER_GLOBAL_ACCENT_COLOR_NAME = AccentColor;
				CODE_SIGN_STYLE = Automatic;
				CURRENT_PROJECT_VERSION = 1;
				GENERATE_INFOPLIST_FILE = YES;
				INFOPLIST_KEY_UIApplicationSupportsIndirectInputEvents = YES;
				INFOPLIST_KEY_UILaunchStoryboardName = LaunchScreen;
				INFOPLIST_KEY_UIMainStoryboardFile = Main;
				INFOPLIST_KEY_UIStatusBarHidden = YES;
				INFOPLIST_KEY_UISupportedInterfaceOrientations_iPad = "UIInterfaceOrientationPortrait UIInterfaceOrientationPortraitUpsideDown UIInterfaceOrientationLandscapeLeft UIInterfaceOrientationLandscapeRight";
				INFOPLIST_KEY_UISupportedInterfaceOrientations_iPhone = "UIInterfaceOrientationPortrait UIInterfaceOrientationLandscapeLeft UIInterfaceOrientationLandscapeRight";
				LD_RUNPATH_SEARCH_PATHS = (
					"$(inherited)",
					"@executable_path/Frameworks",
				);
				MARKETING_VERSION = 1.0;
				PRODUCT_BUNDLE_IDENTIFIER = "ca.centennialcollege.MAPD-724-SlotMachine";
				PRODUCT_NAME = "$(TARGET_NAME)";
				SWIFT_EMIT_LOC_STRINGS = YES;
				SWIFT_VERSION = 5.0;
				TARGETED_DEVICE_FAMILY = "1,2";
			};
			name = Release;
		};
/* End XCBuildConfiguration section */

/* Begin XCConfigurationList section */
		1907644D2976004000B7462F /* Build configuration list for PBXProject "MAPD-724-SlotMachine" */ = {
			isa = XCConfigurationList;
			buildConfigurations = (
				190764672976004100B7462F /* Debug */,
				190764682976004100B7462F /* Release */,
			);
			defaultConfigurationIsVisible = 0;
			defaultConfigurationName = Release;
		};
		190764692976004100B7462F /* Build configuration list for PBXNativeTarget "MAPD-724-SlotMachine" */ = {
			isa = XCConfigurationList;
			buildConfigurations = (
				1907646A2976004100B7462F /* Debug */,
				1907646B2976004100B7462F /* Release */,
			);
			defaultConfigurationIsVisible = 0;
			defaultConfigurationName = Release;
		};
/* End XCConfigurationList section */
	};
	rootObject = 1907644A2976004000B7462F /* Project object */;
}
